
Microsoft Visual Studio Solution File, Format Version 12.00
# Visual Studio Version 17
VisualStudioVersion = 17.11.35327.3
MinimumVisualStudioVersion = 10.0.40219.1
Project("{888888A0-9F3D-457C-B088-3A5042F75D52}") = "Project", "Project.pyproj", "{4D681536-8BED-4C75-98E6-8F0D1476672D}"
EndProject
Global
	GlobalSection(SolutionConfigurationPlatforms) = preSolution
		Debug|Any CPU = Debug|Any CPU
		Release|Any CPU = Release|Any CPU
	EndGlobalSection
	GlobalSection(ProjectConfigurationPlatforms) = postSolution
		{4D681536-8BED-4C75-98E6-8F0D1476672D}.Debug|Any CPU.ActiveCfg = Debug|Any CPU
		{4D681536-8BED-4C75-98E6-8F0D1476672D}.Debug|Any CPU.Build.0 = Debug|Any CPU
		{4D681536-8BED-4C75-98E6-8F0D1476672D}.Release|Any CPU.ActiveCfg = Release|Any CPU
		{4D681536-8BED-4C75-98E6-8F0D1476672D}.Release|Any CPU.Build.0 = Release|Any CPU
	EndGlobalSection
	GlobalSection(SolutionProperties) = preSolution
		HideSolutionNode = FALSE
	EndGlobalSection
	GlobalSection(ExtensibilityGlobals) = postSolution
		SolutionGuid = {8896AF6F-B9E3-4DB6-9411-0A9AB98F91AC}
	EndGlobalSection
EndGlobal
